
Microsoft Visual Studio Solution File, Format Version 12.00
# Visual Studio Version 16
VisualStudioVersion = 16.0.31624.102
MinimumVisualStudioVersion = 10.0.40219.1
Project("{FAE04EC0-301F-11D3-BF4B-00C04F79EFBC}") = "HUDrando", "HUDrando.csproj", "{1CD407C6-55FF-4464-BCD3-F97FBAD82A0E}"
EndProject
Global
	GlobalSection(SolutionConfigurationPlatforms) = preSolution
		Debug|Any CPU = Debug|Any CPU
		Release|Any CPU = Release|Any CPU
	EndGlobalSection
	GlobalSection(ProjectConfigurationPlatforms) = postSolution
		{1CD407C6-55FF-4464-BCD3-F97FBAD82A0E}.Debug|Any CPU.ActiveCfg = Debug|Any CPU
		{1CD407C6-55FF-4464-BCD3-F97FBAD82A0E}.Debug|Any CPU.Build.0 = Debug|Any CPU
		{1CD407C6-55FF-4464-BCD3-F97FBAD82A0E}.Release|Any CPU.ActiveCfg = Release|Any CPU
		{1CD407C6-55FF-4464-BCD3-F97FBAD82A0E}.Release|Any CPU.Build.0 = Release|Any CPU
	EndGlobalSection
	GlobalSection(SolutionProperties) = preSolution
		HideSolutionNode = FALSE
	EndGlobalSection
	GlobalSection(ExtensibilityGlobals) = postSolution
		SolutionGuid = {D95DA72D-0F29-4C19-847F-DC168448456B}
	EndGlobalSection
EndGlobal
